
Microsoft Visual Studio Solution File, Format Version 12.00
# Visual Studio Version 17
VisualStudioVersion = 17.0.32112.339
MinimumVisualStudioVersion = 10.0.40219.1
Project("{FAE04EC0-301F-11D3-BF4B-00C04F79EFBC}") = "Linked_List_New", "Linked_List_New.csproj", "{953FFC7F-8F1E-4752-A4B2-D7AB4EFAE7A7}"
EndProject
Global
	GlobalSection(SolutionConfigurationPlatforms) = preSolution
		Debug|Any CPU = Debug|Any CPU
		Release|Any CPU = Release|Any CPU
	EndGlobalSection
	GlobalSection(ProjectConfigurationPlatforms) = postSolution
		{953FFC7F-8F1E-4752-A4B2-D7AB4EFAE7A7}.Debug|Any CPU.ActiveCfg = Debug|Any CPU
		{953FFC7F-8F1E-4752-A4B2-D7AB4EFAE7A7}.Debug|Any CPU.Build.0 = Debug|Any CPU
		{953FFC7F-8F1E-4752-A4B2-D7AB4EFAE7A7}.Release|Any CPU.ActiveCfg = Release|Any CPU
		{953FFC7F-8F1E-4752-A4B2-D7AB4EFAE7A7}.Release|Any CPU.Build.0 = Release|Any CPU
	EndGlobalSection
	GlobalSection(SolutionProperties) = preSolution
		HideSolutionNode = FALSE
	EndGlobalSection
	GlobalSection(ExtensibilityGlobals) = postSolution
		SolutionGuid = {0BFEDFC1-53B1-4A30-A4AA-69F547F0A795}
	EndGlobalSection
EndGlobal
